// !$*UTF8*$!
{
	archiveVersion = 1;
	classes = {
	};
	objectVersion = 46;
	objects = {

/* Begin PBXBuildFile section */
		6BA8C05A1A464D7D00BE6F04 /* AppDelegate.swift in Sources */ = {isa = PBXBuildFile; fileRef = 6BA8C0591A464D7D00BE6F04 /* AppDelegate.swift */; };
		6BA8C05C1A464D7D00BE6F04 /* ViewController.swift in Sources */ = {isa = PBXBuildFile; fileRef = 6BA8C05B1A464D7D00BE6F04 /* ViewController.swift */; };
		6BA8C05F1A464D7D00BE6F04 /* Main.storyboard in Resources */ = {isa = PBXBuildFile; fileRef = 6BA8C05D1A464D7D00BE6F04 /* Main.storyboard */; };
		6BA8C0611A464D7D00BE6F04 /* Images.xcassets in Resources */ = {isa = PBXBuildFile; fileRef = 6BA8C0601A464D7D00BE6F04 /* Images.xcassets */; };
		6BA8C0641A464D7D00BE6F04 /* LaunchScreen.xib in Resources */ = {isa = PBXBuildFile; fileRef = 6BA8C0621A464D7D00BE6F04 /* LaunchScreen.xib */; };
		6BA8C0701A464D7D00BE6F04 /* TimerTests.swift in Sources */ = {isa = PBXBuildFile; fileRef = 6BA8C06F1A464D7D00BE6F04 /* TimerTests.swift */; };
/* End PBXBuildFile section */

/* Begin PBXContainerItemProxy section */
		6BA8C06A1A464D7D00BE6F04 /* PBXContainerItemProxy */ = {
			isa = PBXContainerItemProxy;
			containerPortal = 6BA8C04C1A464D7D00BE6F04 /* Project object */;
			proxyType = 1;
			remoteGlobalIDString = 6BA8C0531A464D7D00BE6F04;
			remoteInfo = Timer;
		};
/* End PBXContainerItemProxy section */

/* Begin PBXFileReference section */
		6BA8C0541A464D7D00BE6F04 /* Timer.app */ = {isa = PBXFileReference; explicitFileType = wrapper.application; includeInIndex = 0; path = Timer.app; sourceTree = BUILT_PRODUCTS_DIR; };
		6BA8C0581A464D7D00BE6F04 /* Info.plist */ = {isa = PBXFileReference; lastKnownFileType = text.plist.xml; path = Info.plist; sourceTree = "<group>"; };
		6BA8C0591A464D7D00BE6F04 /* AppDelegate.swift */ = {isa = PBXFileReference; lastKnownFileType = sourcecode.swift; path = AppDelegate.swift; sourceTree = "<group>"; };
		6BA8C05B1A464D7D00BE6F04 /* ViewController.swift */ = {isa = PBXFileReference; lastKnownFileType = sourcecode.swift; path = ViewController.swift; sourceTree = "<group>"; };
		6BA8C05E1A464D7D00BE6F04 /* Base */ = {isa = PBXFileReference; lastKnownFileType = file.storyboard; name = Base; path = Base.lproj/Main.storyboard; sourceTree = "<group>"; };
		6BA8C0601A464D7D00BE6F04 /* Images.xcassets */ = {isa = PBXFileReference; lastKnownFileType = folder.assetcatalog; path = Images.xcassets; sourceTree = "<group>"; };
		6BA8C0631A464D7D00BE6F04 /* Base */ = {isa = PBXFileReference; lastKnownFileType = file.xib; name = Base; path = Base.lproj/LaunchScreen.xib; sourceTree = "<group>"; };
		6BA8C0691A464D7D00BE6F04 /* TimerTests.xctest */ = {isa = PBXFileReference; explicitFileType = wrapper.cfbundle; includeInIndex = 0; path = TimerTests.xctest; sourceTree = BUILT_PRODUCTS_DIR; };
		6BA8C06E1A464D7D00BE6F04 /* Info.plist */ = {isa = PBXFileReference; lastKnownFileType = text.plist.xml; path = Info.plist; sourceTree = "<group>"; };
		6BA8C06F1A464D7D00BE6F04 /* TimerTests.swift */ = {isa = PBXFileReference; lastKnownFileType = sourcecode.swift; path = TimerTests.swift; sourceTree = "<group>"; };
/* End PBXFileReference section */

/* Begin PBXFrameworksBuildPhase section */
		6BA8C0511A464D7D00BE6F04 /* Frameworks */ = {
			isa = PBXFrameworksBuildPhase;
			buildActionMask = 2147483647;
			files = (
			);
			runOnlyForDeploymentPostprocessing = 0;
		};
		6BA8C0661A464D7D00BE6F04 /* Frameworks */ = {
			isa = PBXFrameworksBuildPhase;
			buildActionMask = 2147483647;
			files = (
			);
			runOnlyForDeploymentPostprocessing = 0;
		};
/* End PBXFrameworksBuildPhase section */

/* Begin PBXGroup section */
		6BA8C04B1A464D7D00BE6F04 = {
			isa = PBXGroup;
			children = (
				6BA8C0561A464D7D00BE6F04 /* Timer */,
				6BA8C06C1A464D7D00BE6F04 /* TimerTests */,
				6BA8C0551A464D7D00BE6F04 /* Products */,
			);
			sourceTree = "<group>";
		};
		6BA8C0551A464D7D00BE6F04 /* Products */ = {
			isa = PBXGroup;
			children = (
				6BA8C0541A464D7D00BE6F04 /* Timer.app */,
				6BA8C0691A464D7D00BE6F04 /* TimerTests.xctest */,
			);
			name = Products;
			sourceTree = "<group>";
		};
		6BA8C0561A464D7D00BE6F04 /* Timer */ = {
			isa = PBXGroup;
			children = (
				6BA8C0591A464D7D00BE6F04 /* AppDelegate.swift */,
				6BA8C05B1A464D7D00BE6F04 /* ViewController.swift */,
				6BA8C05D1A464D7D00BE6F04 /* Main.storyboard */,
				6BA8C0601A464D7D00BE6F04 /* Images.xcassets */,
				6BA8C0621A464D7D00BE6F04 /* LaunchScreen.xib */,
				6BA8C0571A464D7D00BE6F04 /* Supporting Files */,
			);
			path = Timer;
			sourceTree = "<group>";
		};
		6BA8C0571A464D7D00BE6F04 /* Supporting Files */ = {
			isa = PBXGroup;
			children = (
				6BA8C0581A464D7D00BE6F04 /* Info.plist */,
			);
			name = "Supporting Files";
			sourceTree = "<group>";
		};
		6BA8C06C1A464D7D00BE6F04 /* TimerTests */ = {
			isa = PBXGroup;
			children = (
				6BA8C06F1A464D7D00BE6F04 /* TimerTests.swift */,
				6BA8C06D1A464D7D00BE6F04 /* Supporting Files */,
			);
			path = TimerTests;
			sourceTree = "<group>";
		};
		6BA8C06D1A464D7D00BE6F04 /* Supporting Files */ = {
			isa = PBXGroup;
			children = (
				6BA8C06E1A464D7D00BE6F04 /* Info.plist */,
			);
			name = "Supporting Files";
			sourceTree = "<group>";
		};
/* End PBXGroup section */

/* Begin PBXNativeTarget section */
		6BA8C0531A464D7D00BE6F04 /* Timer */ = {
			isa = PBXNativeTarget;
			buildConfigurationList = 6BA8C0731A464D7D00BE6F04 /* Build configuration list for PBXNativeTarget "Timer" */;
			buildPhases = (
				6BA8C0501A464D7D00BE6F04 /* Sources */,
				6BA8C0511A464D7D00BE6F04 /* Frameworks */,
				6BA8C0521A464D7D00BE6F04 /* Resources */,
			);
			buildRules = (
			);
			dependencies = (
			);
			name = Timer;
			productName = Timer;
			productReference = 6BA8C0541A464D7D00BE6F04 /* Timer.app */;
			productType = "com.apple.product-type.application";
		};
		6BA8C0681A464D7D00BE6F04 /* TimerTests */ = {
			isa = PBXNativeTarget;
			buildConfigurationList = 6BA8C0761A464D7D00BE6F04 /* Build configuration list for PBXNativeTarget "TimerTests" */;
			buildPhases = (
				6BA8C0651A464D7D00BE6F04 /* Sources */,
				6BA8C0661A464D7D00BE6F04 /* Frameworks */,
				6BA8C0671A464D7D00BE6F04 /* Resources */,
			);
			buildRules = (
			);
			dependencies = (
				6BA8C06B1A464D7D00BE6F04 /* PBXTargetDependency */,
			);
			name = TimerTests;
			productName = TimerTests;
			productReference = 6BA8C0691A464D7D00BE6F04 /* TimerTests.xctest */;
			productType = "com.apple.product-type.bundle.unit-test";
		};
/* End PBXNativeTarget section */

/* Begin PBXProject section */
		6BA8C04C1A464D7D00BE6F04 /* Project object */ = {
			isa = PBXProject;
			attributes = {
				LastUpgradeCheck = 0610;
				ORGANIZATIONNAME = "Conner DiPaolo";
				TargetAttributes = {
					6BA8C0531A464D7D00BE6F04 = {
						CreatedOnToolsVersion = 6.1.1;
					};
					6BA8C0681A464D7D00BE6F04 = {
						CreatedOnToolsVersion = 6.1.1;
						TestTargetID = 6BA8C0531A464D7D00BE6F04;
					};
				};
			};
			buildConfigurationList = 6BA8C04F1A464D7D00BE6F04 /* Build configuration list for PBXProject "Timer" */;
			compatibilityVersion = "Xcode 3.2";
			developmentRegion = English;
			hasScannedForEncodings = 0;
			knownRegions = (
				en,
				Base,
			);
			mainGroup = 6BA8C04B1A464D7D00BE6F04;
			productRefGroup = 6BA8C0551A464D7D00BE6F04 /* Products */;
			projectDirPath = "";
			projectRoot = "";
			targets = (
				6BA8C0531A464D7D00BE6F04 /* Timer */,
				6BA8C0681A464D7D00BE6F04 /* TimerTests */,
			);
		};
/* End PBXProject section */

/* Begin PBXResourcesBuildPhase section */
		6BA8C0521A464D7D00BE6F04 /* Resources */ = {
			isa = PBXResourcesBuildPhase;
			buildActionMask = 2147483647;
			files = (
				6BA8C05F1A464D7D00BE6F04 /* Main.storyboard in Resources */,
				6BA8C0641A464D7D00BE6F04 /* LaunchScreen.xib in Resources */,
				6BA8C0611A464D7D00BE6F04 /* Images.xcassets in Resources */,
			);
			runOnlyForDeploymentPostprocessing = 0;
		};
		6BA8C0671A464D7D00BE6F04 /* Resources */ = {
			isa = PBXResourcesBuildPhase;
			buildActionMask = 2147483647;
			files = (
			);
			runOnlyForDeploymentPostprocessing = 0;
		};
/* End PBXResourcesBuildPhase section */

/* Begin PBXSourcesBuildPhase section */
		6BA8C0501A464D7D00BE6F04 /* Sources */ = {
			isa = PBXSourcesBuildPhase;
			buildActionMask = 2147483647;
			files = (
				6BA8C05C1A464D7D00BE6F04 /* ViewController.swift in Sources */,
				6BA8C05A1A464D7D00BE6F04 /* AppDelegate.swift in Sources */,
			);
			runOnlyForDeploymentPostprocessing = 0;
		};
		6BA8C0651A464D7D00BE6F04 /* Sources */ = {
			isa = PBXSourcesBuildPhase;
			buildActionMask = 2147483647;
			files = (
				6BA8C0701A464D7D00BE6F04 /* TimerTests.swift in Sources */,
			);
			runOnlyForDeploymentPostprocessing = 0;
		};
/* End PBXSourcesBuildPhase section */

/* Begin PBXTargetDependency section */
		6BA8C06B1A464D7D00BE6F04 /* PBXTargetDependency */ = {
			isa = PBXTargetDependency;
			target = 6BA8C0531A464D7D00BE6F04 /* Timer */;
			targetProxy = 6BA8C06A1A464D7D00BE6F04 /* PBXContainerItemProxy */;
		};
/* End PBXTargetDependency section */

/* Begin PBXVariantGroup section */
		6BA8C05D1A464D7D00BE6F04 /* Main.storyboard */ = {
			isa = PBXVariantGroup;
			children = (
				6BA8C05E1A464D7D00BE6F04 /* Base */,
			);
			name = Main.storyboard;
			sourceTree = "<group>";
		};
		6BA8C0621A464D7D00BE6F04 /* LaunchScreen.xib */ = {
			isa = PBXVariantGroup;
			children = (
				6BA8C0631A464D7D00BE6F04 /* Base */,
			);
			name = LaunchScreen.xib;
			sourceTree = "<group>";
		};
/* End PBXVariantGroup section */

/* Begin XCBuildConfiguration section */
		6BA8C0711A464D7D00BE6F04 /* Debug */ = {
			isa = XCBuildConfiguration;
			buildSettings = {
				ALWAYS_SEARCH_USER_PATHS = NO;
				CLANG_CXX_LANGUAGE_STANDARD = "gnu++0x";
				CLANG_CXX_LIBRARY = "libc++";
				CLANG_ENABLE_MODULES = YES;
				CLANG_ENABLE_OBJC_ARC = YES;
				CLANG_WARN_BOOL_CONVERSION = YES;
				CLANG_WARN_CONSTANT_CONVERSION = YES;
				CLANG_WARN_DIRECT_OBJC_ISA_USAGE = YES_ERROR;
				CLANG_WARN_EMPTY_BODY = YES;
				CLANG_WARN_ENUM_CONVERSION = YES;
				CLANG_WARN_INT_CONVERSION = YES;
				CLANG_WARN_OBJC_ROOT_CLASS = YES_ERROR;
				CLANG_WARN_UNREACHABLE_CODE = YES;
				CLANG_WARN__DUPLICATE_METHOD_MATCH = YES;
				"CODE_SIGN_IDENTITY[sdk=iphoneos*]" = "iPhone Developer";
				COPY_PHASE_STRIP = NO;
				ENABLE_STRICT_OBJC_MSGSEND = YES;
				GCC_C_LANGUAGE_STANDARD = gnu99;
				GCC_DYNAMIC_NO_PIC = NO;
				GCC_OPTIMIZATION_LEVEL = 0;
				GCC_PREPROCESSOR_DEFINITIONS = (
					"DEBUG=1",
					"$(inherited)",
				);
				GCC_SYMBOLS_PRIVATE_EXTERN = NO;
				GCC_WARN_64_TO_32_BIT_CONVERSION = YES;
				GCC_WARN_ABOUT_RETURN_TYPE = YES_ERROR;
				GCC_WARN_UNDECLARED_SELECTOR = YES;
				GCC_WARN_UNINITIALIZED_AUTOS = YES_AGGRESSIVE;
				GCC_WARN_UNUSED_FUNCTION = YES;
				GCC_WARN_UNUSED_VARIABLE = YES;
				IPHONEOS_DEPLOYMENT_TARGET = 8.1;
				MTL_ENABLE_DEBUG_INFO = YES;
				ONLY_ACTIVE_ARCH = YES;
				SDKROOT = iphoneos;
				SWIFT_OPTIMIZATION_LEVEL = "-Onone";
			};
			name = Debug;
		};
		6BA8C0721A464D7D00BE6F04 /* Release */ = {
			isa = XCBuildConfiguration;
			buildSettings = {
				ALWAYS_SEARCH_USER_PATHS = NO;
				CLANG_CXX_LANGUAGE_STANDARD = "gnu++0x";
				CLANG_CXX_LIBRARY = "libc++";
				CLANG_ENABLE_MODULES = YES;
				CLANG_ENABLE_OBJC_ARC = YES;
				CLANG_WARN_BOOL_CONVERSION = YES;
				CLANG_WARN_CONSTANT_CONVERSION = YES;
				CLANG_WARN_DIRECT_OBJC_ISA_USAGE = YES_ERROR;
				CLANG_WARN_EMPTY_BODY = YES;
				CLANG_WARN_ENUM_CONVERSION = YES;
				CLANG_WARN_INT_CONVERSION = YES;
				CLANG_WARN_OBJC_ROOT_CLASS = YES_ERROR;
				CLANG_WARN_UNREACHABLE_CODE = YES;
				CLANG_WARN__DUPLICATE_METHOD_MATCH = YES;
				"CODE_SIGN_IDENTITY[sdk=iphoneos*]" = "iPhone Developer";
				COPY_PHASE_STRIP = YES;
				ENABLE_NS_ASSERTIONS = NO;
				ENABLE_STRICT_OBJC_MSGSEND = YES;
				GCC_C_LANGUAGE_STANDARD = gnu99;
				GCC_WARN_64_TO_32_BIT_CONVERSION = YES;
				GCC_WARN_ABOUT_RETURN_TYPE = YES_ERROR;
				GCC_WARN_UNDECLARED_SELECTOR = YES;
				GCC_WARN_UNINITIALIZED_AUTOS = YES_AGGRESSIVE;
				GCC_WARN_UNUSED_FUNCTION = YES;
				GCC_WARN_UNUSED_VARIABLE = YES;
				IPHONEOS_DEPLOYMENT_TARGET = 8.1;
				MTL_ENABLE_DEBUG_INFO = NO;
				SDKROOT = iphoneos;
				VALIDATE_PRODUCT = YES;
			};
			name = Release;
		};
		6BA8C0741A464D7D00BE6F04 /* Debug */ = {
			isa = XCBuildConfiguration;
			buildSettings = {
				ASSETCATALOG_COMPILER_APPICON_NAME = AppIcon;
				INFOPLIST_FILE = Timer/Info.plist;
				LD_RUNPATH_SEARCH_PATHS = "$(inherited) @executable_path/Frameworks";
				PRODUCT_NAME = "$(TARGET_NAME)";
			};
			name = Debug;
		};
		6BA8C0751A464D7D00BE6F04 /* Release */ = {
			isa = XCBuildConfiguration;
			buildSettings = {
				ASSETCATALOG_COMPILER_APPICON_NAME = AppIcon;
				INFOPLIST_FILE = Timer/Info.plist;
				LD_RUNPATH_SEARCH_PATHS = "$(inherited) @executable_path/Frameworks";
				PRODUCT_NAME = "$(TARGET_NAME)";
			};
			name = Release;
		};
		6BA8C0771A464D7D00BE6F04 /* Debug */ = {
			isa = XCBuildConfiguration;
			buildSettings = {
				BUNDLE_LOADER = "$(TEST_HOST)";
				FRAMEWORK_SEARCH_PATHS = (
					"$(SDKROOT)/Developer/Library/Frameworks",
					"$(inherited)",
				);
				GCC_PREPROCESSOR_DEFINITIONS = (
					"DEBUG=1",
					"$(inherited)",
				);
				INFOPLIST_FILE = TimerTests/Info.plist;
				LD_RUNPATH_SEARCH_PATHS = "$(inherited) @executable_path/Frameworks @loader_path/Frameworks";
				PRODUCT_NAME = "$(TARGET_NAME)";
				TEST_HOST = "$(BUILT_PRODUCTS_DIR)/Timer.app/Timer";
			};
			name = Debug;
		};
		6BA8C0781A464D7D00BE6F04 /* Release */ = {
			isa = XCBuildConfiguration;
			buildSettings = {
				BUNDLE_LOADER = "$(TEST_HOST)";
				FRAMEWORK_SEARCH_PATHS = (
					"$(SDKROOT)/Developer/Library/Frameworks",
					"$(inherited)",
				);
				INFOPLIST_FILE = TimerTests/Info.plist;
				LD_RUNPATH_SEARCH_PATHS = "$(inherited) @executable_path/Frameworks @loader_path/Frameworks";
				PRODUCT_NAME = "$(TARGET_NAME)";
				TEST_HOST = "$(BUILT_PRODUCTS_DIR)/Timer.app/Timer";
			};
			name = Release;
		};
/* End XCBuildConfiguration section */

/* Begin XCConfigurationList section */
		6BA8C04F1A464D7D00BE6F04 /* Build configuration list for PBXProject "Timer" */ = {
			isa = XCConfigurationList;
			buildConfigurations = (
				6BA8C0711A464D7D00BE6F04 /* Debug */,
				6BA8C0721A464D7D00BE6F04 /* Release */,
			);
			defaultConfigurationIsVisible = 0;
			defaultConfigurationName = Release;
		};
		6BA8C0731A464D7D00BE6F04 /* Build configuration list for PBXNativeTarget "Timer" */ = {
			isa = XCConfigurationList;
			buildConfigurations = (
				6BA8C0741A464D7D00BE6F04 /* Debug */,
				6BA8C0751A464D7D00BE6F04 /* Release */,
			);
			defaultConfigurationIsVisible = 0;
		};
		6BA8C0761A464D7D00BE6F04 /* Build configuration list for PBXNativeTarget "TimerTests" */ = {
			isa = XCConfigurationList;
			buildConfigurations = (
				6BA8C0771A464D7D00BE6F04 /* Debug */,
				6BA8C0781A464D7D00BE6F04 /* Release */,
			);
			defaultConfigurationIsVisible = 0;
		};
/* End XCConfigurationList section */
	};
	rootObject = 6BA8C04C1A464D7D00BE6F04 /* Project object */;
}
